<Solution>
  <Folder Name="/src/">
    <Project Path="src/InvoiceService.Domain/InvoiceService.Domain.csproj" />
    <Project Path="src/InvoiceService.Application/InvoiceService.Application.csproj" />
    <Project Path="src/InvoiceService.Infrastructure/InvoiceService.Infrastructure.csproj" />
    <Project Path="src/InvoiceService.Api/InvoiceService.Api.csproj" />
  </Folder>
  <Folder Name="/tests/">
    <Project Path="tests/InvoiceService.Domain.Tests/InvoiceService.Domain.Tests.csproj" />
    <Project Path="tests/InvoiceService.Application.Tests/InvoiceService.Application.Tests.csproj" />
    <Project Path="tests/InvoiceService.Infrastructure.Tests/InvoiceService.Infrastructure.Tests.csproj" />
    <Project Path="tests/InvoiceService.Api.Tests/InvoiceService.Api.Tests.csproj" />
  </Folder>
</Solution>
